
Microsoft Visual Studio Solution File, Format Version 12.00
# Visual Studio Version 16
VisualStudioVersion = 16.0.29020.237
MinimumVisualStudioVersion = 10.0.40219.1
Project("{FAE04EC0-301F-11D3-BF4B-00C04F79EFBC}") = "WorksetByElement", "WorksetByElement.csproj", "{36B25D4F-7C36-4105-97B1-CB623BB551F8}"
EndProject
Global
	GlobalSection(SolutionConfigurationPlatforms) = preSolution
		Debug One|x64 = Debug One|x64
		Debug|x64 = Debug|x64
		Release|x64 = Release|x64
	EndGlobalSection
	GlobalSection(ProjectConfigurationPlatforms) = postSolution
		{36B25D4F-7C36-4105-97B1-CB623BB551F8}.Debug One|x64.ActiveCfg = Debug One|x64
		{36B25D4F-7C36-4105-97B1-CB623BB551F8}.Debug One|x64.Build.0 = Debug One|x64
		{36B25D4F-7C36-4105-97B1-CB623BB551F8}.Debug|x64.ActiveCfg = Debug|x64
		{36B25D4F-7C36-4105-97B1-CB623BB551F8}.Debug|x64.Build.0 = Debug|x64
		{36B25D4F-7C36-4105-97B1-CB623BB551F8}.Release|x64.ActiveCfg = Release|x64
		{36B25D4F-7C36-4105-97B1-CB623BB551F8}.Release|x64.Build.0 = Release|x64
	EndGlobalSection
	GlobalSection(SolutionProperties) = preSolution
		HideSolutionNode = FALSE
	EndGlobalSection
	GlobalSection(ExtensibilityGlobals) = postSolution
		SolutionGuid = {DAC715EB-3261-4FA5-BA9E-010BFE7A303F}
	EndGlobalSection
EndGlobal
